Microsoft Visual Studio Solution File, Format Version 12.00
# Visual Studio 2013
VisualStudioVersion = 12.0.21005.1
MinimumVisualStudioVersion = 10.0.40219.1
Project("{8BC9CEB8-8B4A-11D0-8D11-00A0C91BC942}") = "EnhEvnShape", "EnhEvnShape\EnhEvnShape.vcxproj", "{CD670075-DB49-4170-ABEB-731D0E94EFD4}"
EndProject
Project("{8BC9CEB8-8B4A-11D0-8D11-00A0C91BC942}") = "TriMesh2", "TriMesh2\TriMesh2.vcxproj", "{A676461E-FF7F-49B1-BF46-E51E89BDD143}"
EndProject
Project("{8BC9CEB8-8B4A-11D0-8D11-00A0C91BC942}") = "PrecomputedRadiaceTransfer", "PrecomputedRadiaceTransfer\PrecomputedRadiaceTransfer.vcxproj", "{3A69550A-AAB3-4946-8A66-193AC211C173}"
EndProject
Project("{8BC9CEB8-8B4A-11D0-8D11-00A0C91BC942}") = "VDP", "VDP\VDP.vcxproj", "{EEEAF18E-AFD7-455C-BB38-FC6B69E9BA20}"
EndProject
Project("{8BC9CEB8-8B4A-11D0-8D11-00A0C91BC942}") = "Test-Select", "Test-Select\Test-Select.vcxproj", "{5A5B6C7B-FC65-415E-B601-FAFD9D132E50}"
EndProject
Project("{8BC9CEB8-8B4A-11D0-8D11-00A0C91BC942}") = "ShowResult", "ShowResult\ShowResult.vcxproj", "{4F11D343-8CF9-4948-BA01-25AE516BD7DA}"
EndProject
Global
	GlobalSection(SolutionConfigurationPlatforms) = preSolution
		Debug|Win32 = Debug|Win32
		Debug|x64 = Debug|x64
		Debug-DLL|Win32 = Debug-DLL|Win32
		Debug-DLL|x64 = Debug-DLL|x64
		Debug-StaticLib|Win32 = Debug-StaticLib|Win32
		Debug-StaticLib|x64 = Debug-StaticLib|x64
		DebugX64|Win32 = DebugX64|Win32
		DebugX64|x64 = DebugX64|x64
		MinSizeRel|Win32 = MinSizeRel|Win32
		MinSizeRel|x64 = MinSizeRel|x64
		Release|Win32 = Release|Win32
		Release|x64 = Release|x64
		Release-DLL|Win32 = Release-DLL|Win32
		Release-DLL|x64 = Release-DLL|x64
		Release-StaticLib|Win32 = Release-StaticLib|Win32
		Release-StaticLib|x64 = Release-StaticLib|x64
		ReleaseX64|Win32 = ReleaseX64|Win32
		ReleaseX64|x64 = ReleaseX64|x64
		RelWithDebInfo|Win32 = RelWithDebInfo|Win32
		RelWithDebInfo|x64 = RelWithDebInfo|x64
	EndGlobalSection
	GlobalSection(ProjectConfigurationPlatforms) = postSolution
		{CD670075-DB49-4170-ABEB-731D0E94EFD4}.Debug|Win32.ActiveCfg = Debug|Win32
		{CD670075-DB49-4170-ABEB-731D0E94EFD4}.Debug|Win32.Build.0 = Debug|Win32
		{CD670075-DB49-4170-ABEB-731D0E94EFD4}.Debug|x64.ActiveCfg = Debug|Win32
		{CD670075-DB49-4170-ABEB-731D0E94EFD4}.Debug-DLL|Win32.ActiveCfg = Debug|Win32
		{CD670075-DB49-4170-ABEB-731D0E94EFD4}.Debug-DLL|Win32.Build.0 = Debug|Win32
		{CD670075-DB49-4170-ABEB-731D0E94EFD4}.Debug-DLL|x64.ActiveCfg = Debug|Win32
		{CD670075-DB49-4170-ABEB-731D0E94EFD4}.Debug-StaticLib|Win32.ActiveCfg = Debug|Win32
		{CD670075-DB49-4170-ABEB-731D0E94EFD4}.Debug-StaticLib|Win32.Build.0 = Debug|Win32
		{CD670075-DB49-4170-ABEB-731D0E94EFD4}.Debug-StaticLib|x64.ActiveCfg = Debug|Win32
		{CD670075-DB49-4170-ABEB-731D0E94EFD4}.DebugX64|Win32.ActiveCfg = Debug|Win32
		{CD670075-DB49-4170-ABEB-731D0E94EFD4}.DebugX64|Win32.Build.0 = Debug|Win32
		{CD670075-DB49-4170-ABEB-731D0E94EFD4}.DebugX64|x64.ActiveCfg = Debug|Win32
		{CD670075-DB49-4170-ABEB-731D0E94EFD4}.MinSizeRel|Win32.ActiveCfg = Release|Win32
		{CD670075-DB49-4170-ABEB-731D0E94EFD4}.MinSizeRel|Win32.Build.0 = Release|Win32
		{CD670075-DB49-4170-ABEB-731D0E94EFD4}.MinSizeRel|x64.ActiveCfg = Release|Win32
		{CD670075-DB49-4170-ABEB-731D0E94EFD4}.Release|Win32.ActiveCfg = Release|Win32
		{CD670075-DB49-4170-ABEB-731D0E94EFD4}.Release|Win32.Build.0 = Release|Win32
		{CD670075-DB49-4170-ABEB-731D0E94EFD4}.Release|x64.ActiveCfg = Release|Win32
		{CD670075-DB49-4170-ABEB-731D0E94EFD4}.Release-DLL|Win32.ActiveCfg = Release|Win32
		{CD670075-DB49-4170-ABEB-731D0E94EFD4}.Release-DLL|Win32.Build.0 = Release|Win32
		{CD670075-DB49-4170-ABEB-731D0E94EFD4}.Release-DLL|x64.ActiveCfg = Release|Win32
		{CD670075-DB49-4170-ABEB-731D0E94EFD4}.Release-StaticLib|Win32.ActiveCfg = Release|Win32
		{CD670075-DB49-4170-ABEB-731D0E94EFD4}.Release-StaticLib|Win32.Build.0 = Release|Win32
		{CD670075-DB49-4170-ABEB-731D0E94EFD4}.Release-StaticLib|x64.ActiveCfg = Release|Win32
		{CD670075-DB49-4170-ABEB-731D0E94EFD4}.ReleaseX64|Win32.ActiveCfg = Release|Win32
		{CD670075-DB49-4170-ABEB-731D0E94EFD4}.ReleaseX64|Win32.Build.0 = Release|Win32
		{CD670075-DB49-4170-ABEB-731D0E94EFD4}.ReleaseX64|x64.ActiveCfg = Release|Win32
		{CD670075-DB49-4170-ABEB-731D0E94EFD4}.RelWithDebInfo|Win32.ActiveCfg = Release|Win32
		{CD670075-DB49-4170-ABEB-731D0E94EFD4}.RelWithDebInfo|Win32.Build.0 = Release|Win32
		{CD670075-DB49-4170-ABEB-731D0E94EFD4}.RelWithDebInfo|x64.ActiveCfg = Release|Win32
		{A676461E-FF7F-49B1-BF46-E51E89BDD143}.Debug|Win32.ActiveCfg = Debug|Win32
		{A676461E-FF7F-49B1-BF46-E51E89BDD143}.Debug|Win32.Build.0 = Debug|Win32
		{A676461E-FF7F-49B1-BF46-E51E89BDD143}.Debug|x64.ActiveCfg = Debug|Win32
		{A676461E-FF7F-49B1-BF46-E51E89BDD143}.Debug-DLL|Win32.ActiveCfg = Debug|Win32
		{A676461E-FF7F-49B1-BF46-E51E89BDD143}.Debug-DLL|Win32.Build.0 = Debug|Win32
		{A676461E-FF7F-49B1-BF46-E51E89BDD143}.Debug-DLL|x64.ActiveCfg = Debug|Win32
		{A676461E-FF7F-49B1-BF46-E51E89BDD143}.Debug-StaticLib|Win32.ActiveCfg = Debug|Win32
		{A676461E-FF7F-49B1-BF46-E51E89BDD143}.Debug-StaticLib|Win32.Build.0 = Debug|Win32
		{A676461E-FF7F-49B1-BF46-E51E89BDD143}.Debug-StaticLib|x64.ActiveCfg = Debug|Win32
		{A676461E-FF7F-49B1-BF46-E51E89BDD143}.DebugX64|Win32.ActiveCfg = Debug|Win32
		{A676461E-FF7F-49B1-BF46-E51E89BDD143}.DebugX64|Win32.Build.0 = Debug|Win32
		{A676461E-FF7F-49B1-BF46-E51E89BDD143}.DebugX64|x64.ActiveCfg = Debug|Win32
		{A676461E-FF7F-49B1-BF46-E51E89BDD143}.MinSizeRel|Win32.ActiveCfg = Release|Win32
		{A676461E-FF7F-49B1-BF46-E51E89BDD143}.MinSizeRel|Win32.Build.0 = Release|Win32
		{A676461E-FF7F-49B1-BF46-E51E89BDD143}.MinSizeRel|x64.ActiveCfg = Release|Win32
		{A676461E-FF7F-49B1-BF46-E51E89BDD143}.Release|Win32.ActiveCfg = Release|Win32
		{A676461E-FF7F-49B1-BF46-E51E89BDD143}.Release|Win32.Build.0 = Release|Win32
		{A676461E-FF7F-49B1-BF46-E51E89BDD143}.Release|x64.ActiveCfg = Release|Win32
		{A676461E-FF7F-49B1-BF46-E51E89BDD143}.Release-DLL|Win32.ActiveCfg = Release|Win32
		{A676461E-FF7F-49B1-BF46-E51E89BDD143}.Release-DLL|Win32.Build.0 = Release|Win32
		{A676461E-FF7F-49B1-BF46-E51E89BDD143}.Release-DLL|x64.ActiveCfg = Release|Win32
		{A676461E-FF7F-49B1-BF46-E51E89BDD143}.Release-StaticLib|Win32.ActiveCfg = Release|Win32
		{A676461E-FF7F-49B1-BF46-E51E89BDD143}.Release-StaticLib|Win32.Build.0 = Release|Win32
		{A676461E-FF7F-49B1-BF46-E51E89BDD143}.Release-StaticLib|x64.ActiveCfg = Release|Win32
		{A676461E-FF7F-49B1-BF46-E51E89BDD143}.ReleaseX64|Win32.ActiveCfg = Release|Win32
		{A676461E-FF7F-49B1-BF46-E51E89BDD143}.ReleaseX64|Win32.Build.0 = Release|Win32
		{A676461E-FF7F-49B1-BF46-E51E89BDD143}.ReleaseX64|x64.ActiveCfg = Release|Win32
		{A676461E-FF7F-49B1-BF46-E51E89BDD143}.RelWithDebInfo|Win32.ActiveCfg = Release|Win32
		{A676461E-FF7F-49B1-BF46-E51E89BDD143}.RelWithDebInfo|Win32.Build.0 = Release|Win32
		{A676461E-FF7F-49B1-BF46-E51E89BDD143}.RelWithDebInfo|x64.ActiveCfg = Release|Win32
		{3A69550A-AAB3-4946-8A66-193AC211C173}.Debug|Win32.ActiveCfg = Debug|Win32
		{3A69550A-AAB3-4946-8A66-193AC211C173}.Debug|Win32.Build.0 = Debug|Win32
		{3A69550A-AAB3-4946-8A66-193AC211C173}.Debug|x64.ActiveCfg = Debug|Win32
		{3A69550A-AAB3-4946-8A66-193AC211C173}.Debug-DLL|Win32.ActiveCfg = Debug|Win32
		{3A69550A-AAB3-4946-8A66-193AC211C173}.Debug-DLL|Win32.Build.0 = Debug|Win32
		{3A69550A-AAB3-4946-8A66-193AC211C173}.Debug-DLL|x64.ActiveCfg = Debug|Win32
		{3A69550A-AAB3-4946-8A66-193AC211C173}.Debug-StaticLib|Win32.ActiveCfg = Debug|Win32
		{3A69550A-AAB3-4946-8A66-193AC211C173}.Debug-StaticLib|Win32.Build.0 = Debug|Win32
		{3A69550A-AAB3-4946-8A66-193AC211C173}.Debug-StaticLib|x64.ActiveCfg = Debug|Win32
		{3A69550A-AAB3-4946-8A66-193AC211C173}.DebugX64|Win32.ActiveCfg = Debug|Win32
		{3A69550A-AAB3-4946-8A66-193AC211C173}.DebugX64|Win32.Build.0 = Debug|Win32
		{3A69550A-AAB3-4946-8A66-193AC211C173}.DebugX64|x64.ActiveCfg = Debug|Win32
		{3A69550A-AAB3-4946-8A66-193AC211C173}.MinSizeRel|Win32.ActiveCfg = Release|Win32
		{3A69550A-AAB3-4946-8A66-193AC211C173}.MinSizeRel|Win32.Build.0 = Release|Win32
		{3A69550A-AAB3-4946-8A66-193AC211C173}.MinSizeRel|x64.ActiveCfg = Release|Win32
		{3A69550A-AAB3-4946-8A66-193AC211C173}.Release|Win32.ActiveCfg = Release|Win32
		{3A69550A-AAB3-4946-8A66-193AC211C173}.Release|Win32.Build.0 = Release|Win32
		{3A69550A-AAB3-4946-8A66-193AC211C173}.Release|x64.ActiveCfg = Release|Win32
		{3A69550A-AAB3-4946-8A66-193AC211C173}.Release-DLL|Win32.ActiveCfg = Release|Win32
		{3A69550A-AAB3-4946-8A66-193AC211C173}.Release-DLL|Win32.Build.0 = Release|Win32
		{3A69550A-AAB3-4946-8A66-193AC211C173}.Release-DLL|x64.ActiveCfg = Release|Win32
		{3A69550A-AAB3-4946-8A66-193AC211C173}.Release-StaticLib|Win32.ActiveCfg = Release|Win32
		{3A69550A-AAB3-4946-8A66-193AC211C173}.Release-StaticLib|Win32.Build.0 = Release|Win32
		{3A69550A-AAB3-4946-8A66-193AC211C173}.Release-StaticLib|x64.ActiveCfg = Release|Win32
		{3A69550A-AAB3-4946-8A66-193AC211C173}.ReleaseX64|Win32.ActiveCfg = Release|Win32
		{3A69550A-AAB3-4946-8A66-193AC211C173}.ReleaseX64|Win32.Build.0 = Release|Win32
		{3A69550A-AAB3-4946-8A66-193AC211C173}.ReleaseX64|x64.ActiveCfg = Release|Win32
		{3A69550A-AAB3-4946-8A66-193AC211C173}.RelWithDebInfo|Win32.ActiveCfg = Release|Win32
		{3A69550A-AAB3-4946-8A66-193AC211C173}.RelWithDebInfo|Win32.Build.0 = Release|Win32
		{3A69550A-AAB3-4946-8A66-193AC211C173}.RelWithDebInfo|x64.ActiveCfg = Release|Win32
		{EEEAF18E-AFD7-455C-BB38-FC6B69E9BA20}.Debug|Win32.ActiveCfg = Debug|Win32
		{EEEAF18E-AFD7-455C-BB38-FC6B69E9BA20}.Debug|Win32.Build.0 = Debug|Win32
		{EEEAF18E-AFD7-455C-BB38-FC6B69E9BA20}.Debug|x64.ActiveCfg = Debug|Win32
		{EEEAF18E-AFD7-455C-BB38-FC6B69E9BA20}.Debug-DLL|Win32.ActiveCfg = Debug|Win32
		{EEEAF18E-AFD7-455C-BB38-FC6B69E9BA20}.Debug-DLL|Win32.Build.0 = Debug|Win32
		{EEEAF18E-AFD7-455C-BB38-FC6B69E9BA20}.Debug-DLL|x64.ActiveCfg = Debug|Win32
		{EEEAF18E-AFD7-455C-BB38-FC6B69E9BA20}.Debug-StaticLib|Win32.ActiveCfg = Debug|Win32
		{EEEAF18E-AFD7-455C-BB38-FC6B69E9BA20}.Debug-StaticLib|Win32.Build.0 = Debug|Win32
		{EEEAF18E-AFD7-455C-BB38-FC6B69E9BA20}.Debug-StaticLib|x64.ActiveCfg = Debug|Win32
		{EEEAF18E-AFD7-455C-BB38-FC6B69E9BA20}.DebugX64|Win32.ActiveCfg = Debug|Win32
		{EEEAF18E-AFD7-455C-BB38-FC6B69E9BA20}.DebugX64|Win32.Build.0 = Debug|Win32
		{EEEAF18E-AFD7-455C-BB38-FC6B69E9BA20}.DebugX64|x64.ActiveCfg = Debug|Win32
		{EEEAF18E-AFD7-455C-BB38-FC6B69E9BA20}.MinSizeRel|Win32.ActiveCfg = Release|Win32
		{EEEAF18E-AFD7-455C-BB38-FC6B69E9BA20}.MinSizeRel|Win32.Build.0 = Release|Win32
		{EEEAF18E-AFD7-455C-BB38-FC6B69E9BA20}.MinSizeRel|x64.ActiveCfg = Release|Win32
		{EEEAF18E-AFD7-455C-BB38-FC6B69E9BA20}.Release|Win32.ActiveCfg = Release|Win32
		{EEEAF18E-AFD7-455C-BB38-FC6B69E9BA20}.Release|Win32.Build.0 = Release|Win32
		{EEEAF18E-AFD7-455C-BB38-FC6B69E9BA20}.Release|x64.ActiveCfg = Release|Win32
		{EEEAF18E-AFD7-455C-BB38-FC6B69E9BA20}.Release-DLL|Win32.ActiveCfg = Release|Win32
		{EEEAF18E-AFD7-455C-BB38-FC6B69E9BA20}.Release-DLL|Win32.Build.0 = Release|Win32
		{EEEAF18E-AFD7-455C-BB38-FC6B69E9BA20}.Release-DLL|x64.ActiveCfg = Release|Win32
		{EEEAF18E-AFD7-455C-BB38-FC6B69E9BA20}.Release-StaticLib|Win32.ActiveCfg = Release|Win32
		{EEEAF18E-AFD7-455C-BB38-FC6B69E9BA20}.Release-StaticLib|Win32.Build.0 = Release|Win32
		{EEEAF18E-AFD7-455C-BB38-FC6B69E9BA20}.Release-StaticLib|x64.ActiveCfg = Release|Win32
		{EEEAF18E-AFD7-455C-BB38-FC6B69E9BA20}.ReleaseX64|Win32.ActiveCfg = Release|Win32
		{EEEAF18E-AFD7-455C-BB38-FC6B69E9BA20}.ReleaseX64|Win32.Build.0 = Release|Win32
		{EEEAF18E-AFD7-455C-BB38-FC6B69E9BA20}.ReleaseX64|x64.ActiveCfg = Release|Win32
		{EEEAF18E-AFD7-455C-BB38-FC6B69E9BA20}.RelWithDebInfo|Win32.ActiveCfg = Release|Win32
		{EEEAF18E-AFD7-455C-BB38-FC6B69E9BA20}.RelWithDebInfo|Win32.Build.0 = Release|Win32
		{EEEAF18E-AFD7-455C-BB38-FC6B69E9BA20}.RelWithDebInfo|x64.ActiveCfg = Release|Win32
		{5A5B6C7B-FC65-415E-B601-FAFD9D132E50}.Debug|Win32.ActiveCfg = Debug|Win32
		{5A5B6C7B-FC65-415E-B601-FAFD9D132E50}.Debug|Win32.Build.0 = Debug|Win32
		{5A5B6C7B-FC65-415E-B601-FAFD9D132E50}.Debug|x64.ActiveCfg = Debug|Win32
		{5A5B6C7B-FC65-415E-B601-FAFD9D132E50}.Debug-DLL|Win32.ActiveCfg = Debug|Win32
		{5A5B6C7B-FC65-415E-B601-FAFD9D132E50}.Debug-DLL|Win32.Build.0 = Debug|Win32
		{5A5B6C7B-FC65-415E-B601-FAFD9D132E50}.Debug-DLL|x64.ActiveCfg = Debug|Win32
		{5A5B6C7B-FC65-415E-B601-FAFD9D132E50}.Debug-StaticLib|Win32.ActiveCfg = Debug|Win32
		{5A5B6C7B-FC65-415E-B601-FAFD9D132E50}.Debug-StaticLib|Win32.Build.0 = Debug|Win32
		{5A5B6C7B-FC65-415E-B601-FAFD9D132E50}.Debug-StaticLib|x64.ActiveCfg = Debug|Win32
		{5A5B6C7B-FC65-415E-B601-FAFD9D132E50}.DebugX64|Win32.ActiveCfg = Debug|Win32
		{5A5B6C7B-FC65-415E-B601-FAFD9D132E50}.DebugX64|Win32.Build.0 = Debug|Win32
		{5A5B6C7B-FC65-415E-B601-FAFD9D132E50}.DebugX64|x64.ActiveCfg = Debug|Win32
		{5A5B6C7B-FC65-415E-B601-FAFD9D132E50}.MinSizeRel|Win32.ActiveCfg = Release|Win32
		{5A5B6C7B-FC65-415E-B601-FAFD9D132E50}.MinSizeRel|Win32.Build.0 = Release|Win32
		{5A5B6C7B-FC65-415E-B601-FAFD9D132E50}.MinSizeRel|x64.ActiveCfg = Release|Win32
		{5A5B6C7B-FC65-415E-B601-FAFD9D132E50}.Release|Win32.ActiveCfg = Release|Win32
		{5A5B6C7B-FC65-415E-B601-FAFD9D132E50}.Release|Win32.Build.0 = Release|Win32
		{5A5B6C7B-FC65-415E-B601-FAFD9D132E50}.Release|x64.ActiveCfg = Release|Win32
		{5A5B6C7B-FC65-415E-B601-FAFD9D132E50}.Release-DLL|Win32.ActiveCfg = Release|Win32
		{5A5B6C7B-FC65-415E-B601-FAFD9D132E50}.Release-DLL|Win32.Build.0 = Release|Win32
		{5A5B6C7B-FC65-415E-B601-FAFD9D132E50}.Release-DLL|x64.ActiveCfg = Release|Win32
		{5A5B6C7B-FC65-415E-B601-FAFD9D132E50}.Release-StaticLib|Win32.ActiveCfg = Release|Win32
		{5A5B6C7B-FC65-415E-B601-FAFD9D132E50}.Release-StaticLib|Win32.Build.0 = Release|Win32
		{5A5B6C7B-FC65-415E-B601-FAFD9D132E50}.Release-StaticLib|x64.ActiveCfg = Release|Win32
		{5A5B6C7B-FC65-415E-B601-FAFD9D132E50}.ReleaseX64|Win32.ActiveCfg = Release|Win32
		{5A5B6C7B-FC65-415E-B601-FAFD9D132E50}.ReleaseX64|Win32.Build.0 = Release|Win32
		{5A5B6C7B-FC65-415E-B601-FAFD9D132E50}.ReleaseX64|x64.ActiveCfg = Release|Win32
		{5A5B6C7B-FC65-415E-B601-FAFD9D132E50}.RelWithDebInfo|Win32.ActiveCfg = Release|Win32
		{5A5B6C7B-FC65-415E-B601-FAFD9D132E50}.RelWithDebInfo|Win32.Build.0 = Release|Win32
		{5A5B6C7B-FC65-415E-B601-FAFD9D132E50}.RelWithDebInfo|x64.ActiveCfg = Release|Win32
		{4F11D343-8CF9-4948-BA01-25AE516BD7DA}.Debug|Win32.ActiveCfg = Debug|Win32
		{4F11D343-8CF9-4948-BA01-25AE516BD7DA}.Debug|Win32.Build.0 = Debug|Win32
		{4F11D343-8CF9-4948-BA01-25AE516BD7DA}.Debug|x64.ActiveCfg = Debug|Win32
		{4F11D343-8CF9-4948-BA01-25AE516BD7DA}.Debug-DLL|Win32.ActiveCfg = Debug|Win32
		{4F11D343-8CF9-4948-BA01-25AE516BD7DA}.Debug-DLL|Win32.Build.0 = Debug|Win32
		{4F11D343-8CF9-4948-BA01-25AE516BD7DA}.Debug-DLL|x64.ActiveCfg = Debug|Win32
		{4F11D343-8CF9-4948-BA01-25AE516BD7DA}.Debug-StaticLib|Win32.ActiveCfg = Debug|Win32
		{4F11D343-8CF9-4948-BA01-25AE516BD7DA}.Debug-StaticLib|Win32.Build.0 = Debug|Win32
		{4F11D343-8CF9-4948-BA01-25AE516BD7DA}.Debug-StaticLib|x64.ActiveCfg = Debug|Win32
		{4F11D343-8CF9-4948-BA01-25AE516BD7DA}.DebugX64|Win32.ActiveCfg = Debug|Win32
		{4F11D343-8CF9-4948-BA01-25AE516BD7DA}.DebugX64|Win32.Build.0 = Debug|Win32
		{4F11D343-8CF9-4948-BA01-25AE516BD7DA}.DebugX64|x64.ActiveCfg = Debug|Win32
		{4F11D343-8CF9-4948-BA01-25AE516BD7DA}.MinSizeRel|Win32.ActiveCfg = Release|Win32
		{4F11D343-8CF9-4948-BA01-25AE516BD7DA}.MinSizeRel|Win32.Build.0 = Release|Win32
		{4F11D343-8CF9-4948-BA01-25AE516BD7DA}.MinSizeRel|x64.ActiveCfg = Release|Win32
		{4F11D343-8CF9-4948-BA01-25AE516BD7DA}.Release|Win32.ActiveCfg = Release|Win32
		{4F11D343-8CF9-4948-BA01-25AE516BD7DA}.Release|Win32.Build.0 = Release|Win32
		{4F11D343-8CF9-4948-BA01-25AE516BD7DA}.Release|x64.ActiveCfg = Release|Win32
		{4F11D343-8CF9-4948-BA01-25AE516BD7DA}.Release-DLL|Win32.ActiveCfg = Release|Win32
		{4F11D343-8CF9-4948-BA01-25AE516BD7DA}.Release-DLL|Win32.Build.0 = Release|Win32
		{4F11D343-8CF9-4948-BA01-25AE516BD7DA}.Release-DLL|x64.ActiveCfg = Release|Win32
		{4F11D343-8CF9-4948-BA01-25AE516BD7DA}.Release-StaticLib|Win32.ActiveCfg = Release|Win32
		{4F11D343-8CF9-4948-BA01-25AE516BD7DA}.Release-StaticLib|Win32.Build.0 = Release|Win32
		{4F11D343-8CF9-4948-BA01-25AE516BD7DA}.Release-StaticLib|x64.ActiveCfg = Release|Win32
		{4F11D343-8CF9-4948-BA01-25AE516BD7DA}.ReleaseX64|Win32.ActiveCfg = Release|Win32
		{4F11D343-8CF9-4948-BA01-25AE516BD7DA}.ReleaseX64|Win32.Build.0 = Release|Win32
		{4F11D343-8CF9-4948-BA01-25AE516BD7DA}.ReleaseX64|x64.ActiveCfg = Release|Win32
		{4F11D343-8CF9-4948-BA01-25AE516BD7DA}.RelWithDebInfo|Win32.ActiveCfg = Release|Win32
		{4F11D343-8CF9-4948-BA01-25AE516BD7DA}.RelWithDebInfo|Win32.Build.0 = Release|Win32
		{4F11D343-8CF9-4948-BA01-25AE516BD7DA}.RelWithDebInfo|x64.ActiveCfg = Release|Win32
	EndGlobalSection
	GlobalSection(SolutionProperties) = preSolution
		HideSolutionNode = FALSE
	EndGlobalSection
EndGlobal
